lockfileVersion: '6.0'

settings:
  autoInstallPeers: true
  excludeLinksFromLockfile: false

dependencies:
  '@alicloud/credentials':
    specifier: ^2.4.0
    version: 2.4.0
  '@alicloud/darabonba-string':
    specifier: ^1.0.3
    version: 1.0.3
  '@alicloud/dysmsapi20170525':
    specifier: ^3.1.0
    version: 3.1.0
  '@alicloud/openapi-client':
    specifier: ^0.4.12
    version: 0.4.12
  '@alicloud/tea-console':
    specifier: ^1.0.0
    version: 1.0.0
  '@alicloud/tea-util':
    specifier: ^1.4.9
    version: 1.4.9
  '@darabonba/time':
    specifier: ^1.0.0
    version: 1.0.0

packages:

  /@alicloud/credentials@2.4.0:
    resolution: {integrity: sha512-TeAyiXnqv9ZudpeMMHbGah5Gyey8Rr9i7hydesyT07zYwBAOd+yWfR6dnFH8e3l1LfRbZU/AQ+6j0DsmfIQ+KQ==}
    dependencies:
      '@alicloud/tea-typescript': 1.8.0
      httpx: 2.3.2
      ini: 1.3.8
      kitx: 2.1.0
    transitivePeerDependencies:
      - supports-color
    dev: false

  /@alicloud/darabonba-string@1.0.3:
    resolution: {integrity: sha512-NyWwrU8cAIesWk3uHL1Q7pTDTqLkCI/0PmJXC4/4A0MFNAZ9Ouq0iFBsRqvfyUujSSM+WhYLuTfakQXiVLkTMA==}
    dependencies:
      '@alicloud/tea-typescript': 1.8.0
    transitivePeerDependencies:
      - supports-color
    dev: false

  /@alicloud/dysmsapi20170525@3.1.0:
    resolution: {integrity: sha512-jyB0n6U/eusAlm/N5I9XqeFp2tKuJ817JP/uRODwJc/WfFYZTz5AUNuL5QEe6rRKQPUfrorFNzX3xTaN8SwYcQ==}
    dependencies:
      '@alicloud/endpoint-util': 0.0.1
      '@alicloud/openapi-client': 0.4.12
      '@alicloud/openapi-util': 0.3.2
      '@alicloud/tea-typescript': 1.8.0
      '@alicloud/tea-util': 1.4.9
    transitivePeerDependencies:
      - supports-color
    dev: false

  /@alicloud/endpoint-util@0.0.1:
    resolution: {integrity: sha512-+pH7/KEXup84cHzIL6UJAaPqETvln4yXlD9JzlrqioyCSaWxbug5FUobsiI6fuUOpw5WwoB3fWAtGbFnJ1K3Yg==}
    dependencies:
      '@alicloud/tea-typescript': 1.8.0
      kitx: 2.1.0
    transitivePeerDependencies:
      - supports-color
    dev: false

  /@alicloud/gateway-spi@0.0.8:
    resolution: {integrity: sha512-KM7fu5asjxZPmrz9sJGHJeSU+cNQNOxW+SFmgmAIrITui5hXL2LB+KNRuzWmlwPjnuA2X3/keq9h6++S9jcV5g==}
    dependencies:
      '@alicloud/credentials': 2.4.0
      '@alicloud/tea-typescript': 1.8.0
    transitivePeerDependencies:
      - supports-color
    dev: false

  /@alicloud/openapi-client@0.4.12:
    resolution: {integrity: sha512-WuKfFqwY3/+wuNawzfJAirNA00XDI7fm9fUhWK7siGZEh0R2XJR0Y54MLW7WWItX06fAghUvnDhKWZH3AgN+yg==}
    dependencies:
      '@alicloud/credentials': 2.4.0
      '@alicloud/gateway-spi': 0.0.8
      '@alicloud/openapi-util': 0.3.2
      '@alicloud/tea-typescript': 1.8.0
      '@alicloud/tea-util': 1.4.9
      '@alicloud/tea-xml': 0.0.3
    transitivePeerDependencies:
      - supports-color
    dev: false

  /@alicloud/openapi-util@0.3.2:
    resolution: {integrity: sha512-EC2JvxdcOgMlBAEG0+joOh2IB1um8CPz9EdYuRfTfd1uP8Yc9D8QRUWVGjP6scnj6fWSOaHFlit9H6PrJSyFow==}
    dependencies:
      '@alicloud/tea-typescript': 1.8.0
      '@alicloud/tea-util': 1.4.9
      kitx: 2.1.0
      sm3: 1.0.3
    transitivePeerDependencies:
      - supports-color
    dev: false

  /@alicloud/tea-console@1.0.0:
    resolution: {integrity: sha512-kkdhu/iZRUzZBh58XPaKw+fsKlUAznPRD21wgHSUN+R85ODM66h3+a//hK9dsX3zUbfZ7DqDjZf53zu5ecKk6g==}
    dependencies:
      '@alicloud/tea-typescript': 1.8.0
    transitivePeerDependencies:
      - supports-color
    dev: false

  /@alicloud/tea-typescript@1.8.0:
    resolution: {integrity: sha512-CWXWaquauJf0sW30mgJRVu9aaXyBth5uMBCUc+5vKTK1zlgf3hIqRUjJZbjlwHwQ5y9anwcu18r48nOZb7l2QQ==}
    dependencies:
      '@types/node': 12.20.55
      httpx: 2.3.2
    transitivePeerDependencies:
      - supports-color
    dev: false

  /@alicloud/tea-util@1.4.9:
    resolution: {integrity: sha512-S0wz76rGtoPKskQtRTGqeuqBHFj8BqUn0Vh+glXKun2/9UpaaaWmuJwcmtImk6bJZfLYEShDF/kxDmDJoNYiTw==}
    dependencies:
      '@alicloud/tea-typescript': 1.8.0
      kitx: 2.1.0
    transitivePeerDependencies:
      - supports-color
    dev: false

  /@alicloud/tea-xml@0.0.3:
    resolution: {integrity: sha512-+/9GliugjrLglsXVrd1D80EqqKgGpyA0eQ6+1ZdUOYCaRguaSwz44trX3PaxPu/HhIPJg9PsGQQ3cSLXWZjbAA==}
    dependencies:
      '@alicloud/tea-typescript': 1.8.0
      '@types/xml2js': 0.4.14
      xml2js: 0.6.2
    transitivePeerDependencies:
      - supports-color
    dev: false

  /@darabonba/time@1.0.0:
    resolution: {integrity: sha512-HoJ+YQt8U0y9yed8in0sAiwCFn5ncHTzf9fKQYFDr7YaAaCTW/XuYAdaKDjP9fktXK0k8uAtlrYmIFrXzGqFVQ==}
    dependencies:
      '@alicloud/tea-typescript': 1.8.0
      moment: 1.7.2
    transitivePeerDependencies:
      - supports-color
    dev: false

  /@types/node@12.20.55:
    resolution: {integrity: sha512-J8xLz7q2OFulZ2cyGTLE1TbbZcjpno7FaN6zdJNrgAdrJ+DZzh/uFR6YrTb4C+nXakvud8Q4+rbhoIWlYQbUFQ==}
    dev: false

  /@types/node@20.17.6:
    resolution: {integrity: sha512-VEI7OdvK2wP7XHnsuXbAJnEpEkF6NjSN45QJlL4VGqZSXsnicpesdTWsg9RISeSdYd3yeRj/y3k5KGjUXYnFwQ==}
    dependencies:
      undici-types: 6.19.8
    dev: false

  /@types/node@22.9.0:
    resolution: {integrity: sha512-vuyHg81vvWA1Z1ELfvLko2c8f34gyA0zaic0+Rllc5lbCnbSyuvb2Oxpm6TAUAC/2xZN3QGqxBNggD1nNR2AfQ==}
    dependencies:
      undici-types: 6.19.8
    dev: false

  /@types/xml2js@0.4.14:
    resolution: {integrity: sha512-4YnrRemBShWRO2QjvUin8ESA41rH+9nQGLUGZV/1IDhi3SL9OhdpNC/MrulTWuptXKwhx/aDxE7toV0f/ypIXQ==}
    dependencies:
      '@types/node': 22.9.0
    dev: false

  /debug@4.3.7:
    resolution: {integrity: sha512-Er2nc/H7RrMXZBFCEim6TCmMk02Z8vLC2Rbi1KEBggpo0fS6l0S1nnapwmIi3yW/+GOJap1Krg4w0Hg80oCqgQ==}
    engines: {node: '>=6.0'}
    peerDependencies:
      supports-color: '*'
    peerDependenciesMeta:
      supports-color:
        optional: true
    dependencies:
      ms: 2.1.3
    dev: false

  /httpx@2.3.2:
    resolution: {integrity: sha512-ZG7QArW/BB/opy+XVp/zSJYdiPD9FTmPb3VfMnPdAknKFJq2OiIXS9D4oBeDJvWnZnJAzXDy9J/JKATXkJ7qlw==}
    dependencies:
      '@types/node': 20.17.6
      debug: 4.3.7
    transitivePeerDependencies:
      - supports-color
    dev: false

  /ini@1.3.8:
    resolution: {integrity: sha512-JV/yugV2uzW5iMRSiZAyDtQd+nxtUnjeLt0acNdw98kKLrvuRVyB80tsREOE7yvGVgalhZ6RNXCmEHkUKBKxew==}
    dev: false

  /kitx@2.1.0:
    resolution: {integrity: sha512-C/5v9MtIX7aHGOjwn5BmrrbNkJSf7i0R5mRzmh13GSAdRqQ7bYQo/Su2pTYNylFicqKNTVX3HML9k1u8k51+pQ==}
    dependencies:
      '@types/node': 12.20.55
    dev: false

  /moment@1.7.2:
    resolution: {integrity: sha512-9H4qeb1ad/7t2QXObV5CCkClnUOcc7vMIAueQVUnThzgCUOyn/OUH8riiMhj7jESxw1RXQ6biMQ7fO5r4Z0AqA==}
    dev: false

  /ms@2.1.3:
    resolution: {integrity: sha512-6FlzubTLZG3J2a/NVCAleEhjzq5oxgHyaCU9yYXvcLsvoVaHJq/s5xXI6/XXP6tz7R9xAOtHnSO/tXtF3WRTlA==}
    dev: false

  /sax@1.4.1:
    resolution: {integrity: sha512-+aWOz7yVScEGoKNd4PA10LZ8sk0A/z5+nXQG5giUO5rprX9jgYsTdov9qCchZiPIZezbZH+jRut8nPodFAX4Jg==}
    dev: false

  /sm3@1.0.3:
    resolution: {integrity: sha512-KyFkIfr8QBlFG3uc3NaljaXdYcsbRy1KrSfc4tsQV8jW68jAktGeOcifu530Vx/5LC+PULHT0Rv8LiI8Gw+c1g==}
    dev: false

  /undici-types@6.19.8:
    resolution: {integrity: sha512-ve2KP6f/JnbPBFyobGHuerC9g1FYGn/F8n1LWTwNxCEzd6IfqTwUQcNXgEtmmQ6DlRrC1hrSrBnCZPokRrDHjw==}
    dev: false

  /xml2js@0.6.2:
    resolution: {integrity: sha512-T4rieHaC1EXcES0Kxxj4JWgaUQHDk+qwHcYOCFHfiwKz7tOVPLq7Hjq9dM1WCMhylqMEfP7hMcOIChvotiZegA==}
    engines: {node: '>=4.0.0'}
    dependencies:
      sax: 1.4.1
      xmlbuilder: 11.0.1
    dev: false

  /xmlbuilder@11.0.1:
    resolution: {integrity: sha512-fDlsI/kFEx7gLvbecc0/ohLG50fugQp8ryHzMTuW9vSa1GJ0XYWKnhsUx7oie3G98+r56aTQIUB4kht42R3JvA==}
    engines: {node: '>=4.0'}
    dev: false
